# THIS IS AN AUTOGENERATED FILE. DO NOT EDIT THIS FILE DIRECTLY.
# yarn lockfile v1


agent-base@2:
  version "2.0.1"
  resolved "https://registry.yarnpkg.com/agent-base/-/agent-base-2.0.1.tgz#bd8f9e86a8eb221fffa07bd14befd55df142815e"
  dependencies:
    extend "~3.0.0"
    semver "~5.0.1"

async@1.0.0, async@~1.0.0:
  version "1.0.0"
  resolved "https://registry.yarnpkg.com/async/-/async-1.0.0.tgz#f8fc04ca3a13784ade9e1641af98578cfbd647a9"

async@~0.1.22:
  version "0.1.22"
  resolved "https://registry.yarnpkg.com/async/-/async-0.1.22.tgz#0fc1aaa088a0e3ef0ebe2d8831bab0dcf8845061"

async@~0.9.0:
  version "0.9.2"
  resolved "https://registry.yarnpkg.com/async/-/async-0.9.2.tgz#aea74d5e61c1f899613bf64bda66d4c78f2fd17d"

balanced-match@^0.4.1:
  version "0.4.2"
  resolved "https://registry.yarnpkg.com/balanced-match/-/balanced-match-0.4.2.tgz#cb3f3e3c732dc0f01ee70b403f302e61d7709838"

binary@~0.3.0:
  version "0.3.0"
  resolved "https://registry.yarnpkg.com/binary/-/binary-0.3.0.tgz#9f60553bc5ce8c3386f3b553cff47462adecaa79"
  dependencies:
    buffers "~0.1.1"
    chainsaw "~0.1.0"

brace-expansion@^1.0.0:
  version "1.1.6"
  resolved "https://registry.yarnpkg.com/brace-expansion/-/brace-expansion-1.1.6.tgz#7197d7eaa9b87e648390ea61fc66c84427420df9"
  dependencies:
    balanced-match "^0.4.1"
    concat-map "0.0.1"

buffers@~0.1.1:
  version "0.1.1"
  resolved "https://registry.yarnpkg.com/buffers/-/buffers-0.1.1.tgz#b24579c3bed4d6d396aeee6d9a8ae7f5482ab7bb"

chainsaw@~0.1.0:
  version "0.1.0"
  resolved "https://registry.yarnpkg.com/chainsaw/-/chainsaw-0.1.0.tgz#5eab50b28afe58074d0d58291388828b5e5fbc98"
  dependencies:
    traverse ">=0.3.0 <0.4"

colors@0.6.0-1:
  version "0.6.0-1"
  resolved "https://registry.yarnpkg.com/colors/-/colors-0.6.0-1.tgz#6dbb68ceb8bc60f2b313dcc5ce1599f06d19e67a"

colors@1.0.x:
  version "1.0.3"
  resolved "https://registry.yarnpkg.com/colors/-/colors-1.0.3.tgz#0433f44d809680fdeb60ed260f1b0c262e82a40b"

combined-stream@~0.0.4:
  version "0.0.7"
  resolved "https://registry.yarnpkg.com/combined-stream/-/combined-stream-0.0.7.tgz#0137e657baa5a7541c57ac37ac5fc07d73b4dc1f"
  dependencies:
    delayed-stream "0.0.5"

component-emitter@1.1.2:
  version "1.1.2"
  resolved "https://registry.yarnpkg.com/component-emitter/-/component-emitter-1.1.2.tgz#296594f2753daa63996d2af08d15a95116c9aec3"

concat-map@0.0.1:
  version "0.0.1"
  resolved "https://registry.yarnpkg.com/concat-map/-/concat-map-0.0.1.tgz#d8a96bd77fd68df7793a73036a3ba0d5405d477b"

cookiejar@2.0.1:
  version "2.0.1"
  resolved "https://registry.yarnpkg.com/cookiejar/-/cookiejar-2.0.1.tgz#3d12752f6adf68a892f332433492bd5812bb668f"

core-util-is@~1.0.0:
  version "1.0.2"
  resolved "https://registry.yarnpkg.com/core-util-is/-/core-util-is-1.0.2.tgz#b5fd54220aa2bc5ab57aab7140c940754503c1a7"

cycle@1.0.x:
  version "1.0.3"
  resolved "https://registry.yarnpkg.com/cycle/-/cycle-1.0.3.tgz#21e80b2be8580f98b468f379430662b046c34ad2"

debug@2, debug@^2.6.0:
  version "2.6.0"
  resolved "https://registry.yarnpkg.com/debug/-/debug-2.6.0.tgz#bc596bcabe7617f11d9fa15361eded5608b8499b"
  dependencies:
    ms "0.7.2"

delayed-stream@0.0.5:
  version "0.0.5"
  resolved "https://registry.yarnpkg.com/delayed-stream/-/delayed-stream-0.0.5.tgz#d4b1f43a93e8296dfe02694f4680bc37a313c73f"

evilscan@^1.0.3:
  version "1.0.3"
  resolved "https://registry.yarnpkg.com/evilscan/-/evilscan-1.0.3.tgz#e46191f4475dcd3df5342e33af42b6b5760a377f"
  dependencies:
    async "1.0.0"
    findup-sync "0.2.1"
    geoip-lite "1.1.6"
    optimist "0.5.0"
    printf "0.2.3"
    qjobs "1.1.4"
    winston "2.2.0"

extend@3, extend@~3.0.0:
  version "3.0.0"
  resolved "https://registry.yarnpkg.com/extend/-/extend-3.0.0.tgz#5a474353b9f3353ddd8176dfd37b91c83a46f1d4"

extend@~1.2.1:
  version "1.2.1"
  resolved "https://registry.yarnpkg.com/extend/-/extend-1.2.1.tgz#a0f5fd6cfc83a5fe49ef698d60ec8a624dd4576c"

eyes@0.1.x:
  version "0.1.8"
  resolved "https://registry.yarnpkg.com/eyes/-/eyes-0.1.8.tgz#62cf120234c683785d902348a800ef3e0cc20bc0"

findup-sync@0.2.1:
  version "0.2.1"
  resolved "https://registry.yarnpkg.com/findup-sync/-/findup-sync-0.2.1.tgz#e0a90a450075c49466ee513732057514b81e878c"
  dependencies:
    glob "~4.3.0"

form-data@0.1.3:
  version "0.1.3"
  resolved "https://registry.yarnpkg.com/form-data/-/form-data-0.1.3.tgz#4ee4346e6eb5362e8344a02075bd8dbd8c7373ea"
  dependencies:
    async "~0.9.0"
    combined-stream "~0.0.4"
    mime "~1.2.11"

formidable@1.0.14:
  version "1.0.14"
  resolved "https://registry.yarnpkg.com/formidable/-/formidable-1.0.14.tgz#2b3f4c411cbb5fdd695c44843e2a23514a43231a"

fstream@~0.1.18:
  version "0.1.31"
  resolved "https://registry.yarnpkg.com/fstream/-/fstream-0.1.31.tgz#7337f058fbbbbefa8c9f561a28cab0849202c988"
  dependencies:
    graceful-fs "~3.0.2"
    inherits "~2.0.0"
    mkdirp "0.5"
    rimraf "2"

geoip-lite@1.1.6:
  version "1.1.6"
  resolved "https://registry.yarnpkg.com/geoip-lite/-/geoip-lite-1.1.6.tgz#6801f740c27f38d46e185ac8323df9c8315e84e7"
  dependencies:
    async "~0.1.22"
    colors "0.6.0-1"
    glob "~3.2.1"
    iconv-lite "~0.4.7"
    lazy "~1.0.11"
    rimraf "~2.0.2"
    unzip "~0.0.4"

glob@~3.2.1:
  version "3.2.11"
  resolved "https://registry.yarnpkg.com/glob/-/glob-3.2.11.tgz#4a973f635b9190f715d10987d5c00fd2815ebe3d"
  dependencies:
    inherits "2"
    minimatch "0.3"

glob@~4.3.0:
  version "4.3.5"
  resolved "https://registry.yarnpkg.com/glob/-/glob-4.3.5.tgz#80fbb08ca540f238acce5d11d1e9bc41e75173d3"
  dependencies:
    inflight "^1.0.4"
    inherits "2"
    minimatch "^2.0.1"
    once "^1.3.0"

graceful-fs@~1.1:
  version "1.1.14"
  resolved "https://registry.yarnpkg.com/graceful-fs/-/graceful-fs-1.1.14.tgz#07078db5f6377f6321fceaaedf497de124dc9465"

graceful-fs@~3.0.2:
  version "3.0.11"
  resolved "https://registry.yarnpkg.com/graceful-fs/-/graceful-fs-3.0.11.tgz#7613c778a1afea62f25c630a086d7f3acbbdd818"
  dependencies:
    natives "^1.1.0"

https-proxy-agent@^1.0.0:
  version "1.0.0"
  resolved "https://registry.yarnpkg.com/https-proxy-agent/-/https-proxy-agent-1.0.0.tgz#35f7da6c48ce4ddbfa264891ac593ee5ff8671e6"
  dependencies:
    agent-base "2"
    debug "2"
    extend "3"

iconv-lite@~0.4.7:
  version "0.4.15"
  resolved "https://registry.yarnpkg.com/iconv-lite/-/iconv-lite-0.4.15.tgz#fe265a218ac6a57cfe854927e9d04c19825eddeb"

inflight@^1.0.4:
  version "1.0.6"
  resolved "https://registry.yarnpkg.com/inflight/-/inflight-1.0.6.tgz#49bd6331d7d02d0c09bc910a1075ba8165b56df9"
  dependencies:
    once "^1.3.0"
    wrappy "1"

inherits@2, inherits@~2.0.0, inherits@~2.0.1:
  version "2.0.3"
  resolved "https://registry.yarnpkg.com/inherits/-/inherits-2.0.3.tgz#633c2c83e3da42a502f52466022480f4208261de"

ip@^1.1.4:
  version "1.1.4"
  resolved "https://registry.yarnpkg.com/ip/-/ip-1.1.4.tgz#de8247ffef940451832550fba284945e6e039bfb"

isarray@0.0.1:
  version "0.0.1"
  resolved "https://registry.yarnpkg.com/isarray/-/isarray-0.0.1.tgz#8a18acfca9a8f4177e09abfc6038939b05d1eedf"

isstream@0.1.x:
  version "0.1.2"
  resolved "https://registry.yarnpkg.com/isstream/-/isstream-0.1.2.tgz#47e63f7af55afa6f92e1500e690eb8b8529c099a"

keen.io@^0.1.3:
  version "0.1.3"
  resolved "https://registry.yarnpkg.com/keen.io/-/keen.io-0.1.3.tgz#5056f5c989ab14ccf62fc20ed7598115ae7d09e3"
  dependencies:
    superagent "~0.21.0"
    underscore "~1.5.2"

lazy@~1.0.11:
  version "1.0.11"
  resolved "https://registry.yarnpkg.com/lazy/-/lazy-1.0.11.tgz#daa068206282542c088288e975c297c1ae77b690"

lru-cache@2:
  version "2.7.3"
  resolved "https://registry.yarnpkg.com/lru-cache/-/lru-cache-2.7.3.tgz#6d4524e8b955f95d4f5b58851ce21dd72fb4e952"

methods@1.0.1:
  version "1.0.1"
  resolved "https://registry.yarnpkg.com/methods/-/methods-1.0.1.tgz#75bc91943dffd7da037cf3eeb0ed73a0037cd14b"

mime@1.2.11, mime@~1.2.11:
  version "1.2.11"
  resolved "https://registry.yarnpkg.com/mime/-/mime-1.2.11.tgz#58203eed86e3a5ef17aed2b7d9ebd47f0a60dd10"

minimatch@0.3:
  version "0.3.0"
  resolved "https://registry.yarnpkg.com/minimatch/-/minimatch-0.3.0.tgz#275d8edaac4f1bb3326472089e7949c8394699dd"
  dependencies:
    lru-cache "2"
    sigmund "~1.0.0"

minimatch@^2.0.1:
  version "2.0.10"
  resolved "https://registry.yarnpkg.com/minimatch/-/minimatch-2.0.10.tgz#8d087c39c6b38c001b97fca7ce6d0e1e80afbac7"
  dependencies:
    brace-expansion "^1.0.0"

minimist@0.0.8:
  version "0.0.8"
  resolved "https://registry.yarnpkg.com/minimist/-/minimist-0.0.8.tgz#857fcabfc3397d2625b8228262e86aa7a011b05d"

mkdirp@0.5:
  version "0.5.1"
  resolved "https://registry.yarnpkg.com/mkdirp/-/mkdirp-0.5.1.tgz#30057438eac6cf7f8c4767f38648d6697d75c903"
  dependencies:
    minimist "0.0.8"

ms@0.7.2:
  version "0.7.2"
  resolved "https://registry.yarnpkg.com/ms/-/ms-0.7.2.tgz#ae25cf2512b3885a1d95d7f037868d8431124765"

natives@^1.1.0:
  version "1.1.0"
  resolved "https://registry.yarnpkg.com/natives/-/natives-1.1.0.tgz#e9ff841418a6b2ec7a495e939984f78f163e6e31"

once@^1.3.0:
  version "1.4.0"
  resolved "https://registry.yarnpkg.com/once/-/once-1.4.0.tgz#583b1aa775961d4b113ac17d9c50baef9dd76bd1"
  dependencies:
    wrappy "1"

optimist@0.5.0:
  version "0.5.0"
  resolved "https://registry.yarnpkg.com/optimist/-/optimist-0.5.0.tgz#d9c60da4c34811418d183390623f8046f134a2d4"
  dependencies:
    wordwrap "~0.0.2"

over@~0.0.5:
  version "0.0.5"
  resolved "https://registry.yarnpkg.com/over/-/over-0.0.5.tgz#f29852e70fd7e25f360e013a8ec44c82aedb5708"

ping-proxy@^1.0.0:
  version "1.0.0"
  resolved "https://registry.yarnpkg.com/ping-proxy/-/ping-proxy-1.0.0.tgz#dfb08b1146875085021c0b79a15a71ea1ea8ed7f"
  dependencies:
    https-proxy-agent "^1.0.0"
    socks "^1.1.8"
    valid-url "^1.0.9"

pkginfo@0.3.x:
  version "0.3.1"
  resolved "https://registry.yarnpkg.com/pkginfo/-/pkginfo-0.3.1.tgz#5b29f6a81f70717142e09e765bbeab97b4f81e21"

printf@0.2.3:
  version "0.2.3"
  resolved "https://registry.yarnpkg.com/printf/-/printf-0.2.3.tgz#349ce132effee7218654f3b0f6bb62b2aa0843dd"

pullstream@0.0.4:
  version "0.0.4"
  resolved "https://registry.yarnpkg.com/pullstream/-/pullstream-0.0.4.tgz#41d83c446d290e2f2eb9b681d3f3b56fee88a0af"
  dependencies:
    over "~0.0.5"
    stream-buffers "~0.2.3"

qjobs@1.1.4:
  version "1.1.4"
  resolved "https://registry.yarnpkg.com/qjobs/-/qjobs-1.1.4.tgz#5c09852cd5c0cf713c836dffe478f403669b1238"

qs@1.2.0:
  version "1.2.0"
  resolved "https://registry.yarnpkg.com/qs/-/qs-1.2.0.tgz#ed079be28682147e6fd9a34cc2b0c1e0ec6453ee"

readable-stream@1.0.27-1:
  version "1.0.27-1"
  resolved "https://registry.yarnpkg.com/readable-stream/-/readable-stream-1.0.27-1.tgz#6b67983c20357cefd07f0165001a16d710d91078"
  dependencies:
    core-util-is "~1.0.0"
    inherits "~2.0.1"
    isarray "0.0.1"
    string_decoder "~0.10.x"

reduce-component@1.0.1:
  version "1.0.1"
  resolved "https://registry.yarnpkg.com/reduce-component/-/reduce-component-1.0.1.tgz#e0c93542c574521bea13df0f9488ed82ab77c5da"

rimraf@2, rimraf@~2.0.2:
  version "2.0.3"
  resolved "https://registry.yarnpkg.com/rimraf/-/rimraf-2.0.3.tgz#f50a2965e7144e9afd998982f15df706730f56a9"
  optionalDependencies:
    graceful-fs "~1.1"

semver@~5.0.1:
  version "5.0.3"
  resolved "https://registry.yarnpkg.com/semver/-/semver-5.0.3.tgz#77466de589cd5d3c95f138aa78bc569a3cb5d27a"

sigmund@~1.0.0:
  version "1.0.1"
  resolved "https://registry.yarnpkg.com/sigmund/-/sigmund-1.0.1.tgz#3ff21f198cad2175f9f3b781853fd94d0d19b590"

smart-buffer@^1.0.13:
  version "1.1.15"
  resolved "https://registry.yarnpkg.com/smart-buffer/-/smart-buffer-1.1.15.tgz#7f114b5b65fab3e2a35aa775bb12f0d1c649bf16"

socks@^1.1.8:
  version "1.1.10"
  resolved "https://registry.yarnpkg.com/socks/-/socks-1.1.10.tgz#5b8b7fc7c8f341c53ed056e929b7bf4de8ba7b5a"
  dependencies:
    ip "^1.1.4"
    smart-buffer "^1.0.13"

stack-trace@0.0.x:
  version "0.0.9"
  resolved "https://registry.yarnpkg.com/stack-trace/-/stack-trace-0.0.9.tgz#a8f6eaeca90674c333e7c43953f275b451510695"

stream-buffers@~0.2.3:
  version "0.2.6"
  resolved "https://registry.yarnpkg.com/stream-buffers/-/stream-buffers-0.2.6.tgz#181c08d5bb3690045f69401b9ae6a7a0cf3313fc"

string_decoder@~0.10.x:
  version "0.10.31"
  resolved "https://registry.yarnpkg.com/string_decoder/-/string_decoder-0.10.31.tgz#62e203bc41766c6c28c9fc84301dab1c5310fa94"

superagent@~0.21.0:
  version "0.21.0"
  resolved "https://registry.yarnpkg.com/superagent/-/superagent-0.21.0.tgz#fb15027984751ee7152200e6cd21cd6e19a5de87"
  dependencies:
    component-emitter "1.1.2"
    cookiejar "2.0.1"
    debug "2"
    extend "~1.2.1"
    form-data "0.1.3"
    formidable "1.0.14"
    methods "1.0.1"
    mime "1.2.11"
    qs "1.2.0"
    readable-stream "1.0.27-1"
    reduce-component "1.0.1"

"traverse@>=0.3.0 <0.4":
  version "0.3.9"
  resolved "https://registry.yarnpkg.com/traverse/-/traverse-0.3.9.tgz#717b8f220cc0bb7b44e40514c22b2e8bbc70d8b9"

underscore@~1.5.2:
  version "1.5.2"
  resolved "https://registry.yarnpkg.com/underscore/-/underscore-1.5.2.tgz#1335c5e4f5e6d33bbb4b006ba8c86a00f556de08"

unzip@~0.0.4:
  version "0.0.4"
  resolved "https://registry.yarnpkg.com/unzip/-/unzip-0.0.4.tgz#ff67ca84295b65161d5c7f2f340989c78dc6095a"
  dependencies:
    binary "~0.3.0"
    fstream "~0.1.18"
    pullstream "0.0.4"

valid-url@^1.0.9:
  version "1.0.9"
  resolved "https://registry.yarnpkg.com/valid-url/-/valid-url-1.0.9.tgz#1c14479b40f1397a75782f115e4086447433a200"

winston@2.2.0:
  version "2.2.0"
  resolved "https://registry.yarnpkg.com/winston/-/winston-2.2.0.tgz#2c853dd87ab552a8e8485d72cbbf9a2286f029b7"
  dependencies:
    async "~1.0.0"
    colors "1.0.x"
    cycle "1.0.x"
    eyes "0.1.x"
    isstream "0.1.x"
    pkginfo "0.3.x"
    stack-trace "0.0.x"

winston@^2.3.1:
  version "2.3.1"
  resolved "https://registry.yarnpkg.com/winston/-/winston-2.3.1.tgz#0b48420d978c01804cf0230b648861598225a119"
  dependencies:
    async "~1.0.0"
    colors "1.0.x"
    cycle "1.0.x"
    eyes "0.1.x"
    isstream "0.1.x"
    stack-trace "0.0.x"

wordwrap@~0.0.2:
  version "0.0.3"
  resolved "https://registry.yarnpkg.com/wordwrap/-/wordwrap-0.0.3.tgz#a3d5da6cd5c0bc0008d37234bbaf1bed63059107"

wrappy@1:
  version "1.0.2"
  resolved "https://registry.yarnpkg.com/wrappy/-/wrappy-1.0.2.tgz#b5243d8f3ec1aa35f1364605bc0d1036e30ab69f"
